Microsoft Visual Studio Solution File, Format Version 12.00
# Visual Studio 15
VisualStudioVersion = 15.0.26228.4
MinimumVisualStudioVersion = 10.0.40219.1
Project("{2150E333-8FDC-42A3-9474-1A3956D46DE8}") = "stuff", "stuff", "{1ABDD7C1-1F8D-402D-8692-3E4B66962DE0}"
	ProjectSection(SolutionItems) = preProject
		CHANGELOG.md = CHANGELOG.md
		CONTRIBUTING.md = CONTRIBUTING.md
		LICENSE.md = LICENSE.md
		README.md = README.md
	EndProjectSection
EndProject
Project("{FAE04EC0-301F-11D3-BF4B-00C04F79EFBC}") = "Rebus.MySql", "Rebus.MySql\Rebus.MySql.csproj", "{007E38CF-F964-4EB1-A22F-E873CC7D4AC0}"
EndProject
Project("{FAE04EC0-301F-11D3-BF4B-00C04F79EFBC}") = "Rebus.MySql.Tests", "Rebus.MySql.Tests\Rebus.MySql.Tests.csproj", "{A417E160-BE0D-4637-AF96-7EA3C1C8E143}"
EndProject
Global
	GlobalSection(SolutionConfigurationPlatforms) = preSolution
		Debug|Any CPU = Debug|Any CPU
		Release|Any CPU = Release|Any CPU
	EndGlobalSection
	GlobalSection(ProjectConfigurationPlatforms) = postSolution
		{007E38CF-F964-4EB1-A22F-E873CC7D4AC0}.Debug|Any CPU.ActiveCfg = Debug|Any CPU
		{007E38CF-F964-4EB1-A22F-E873CC7D4AC0}.Debug|Any CPU.Build.0 = Debug|Any CPU
		{007E38CF-F964-4EB1-A22F-E873CC7D4AC0}.Release|Any CPU.ActiveCfg = Release|Any CPU
		{007E38CF-F964-4EB1-A22F-E873CC7D4AC0}.Release|Any CPU.Build.0 = Release|Any CPU
		{A417E160-BE0D-4637-AF96-7EA3C1C8E143}.Debug|Any CPU.ActiveCfg = Debug|Any CPU
		{A417E160-BE0D-4637-AF96-7EA3C1C8E143}.Debug|Any CPU.Build.0 = Debug|Any CPU
		{A417E160-BE0D-4637-AF96-7EA3C1C8E143}.Release|Any CPU.ActiveCfg = Release|Any CPU
		{A417E160-BE0D-4637-AF96-7EA3C1C8E143}.Release|Any CPU.Build.0 = Release|Any CPU
	EndGlobalSection
	GlobalSection(SolutionProperties) = preSolution
		HideSolutionNode = FALSE
	EndGlobalSection
EndGlobal
